// !$*UTF8*$!
{
	archiveVersion = 1;
	classes = {
	};
	objectVersion = 56;
	objects = {

/* Begin PBXBuildFile section */
		4A35D52B294B56F30008F720 /* ProductDetailsView.swift in Sources */ = {isa = PBXBuildFile; fileRef = 4A35D52A294B56F30008F720 /* ProductDetailsView.swift */; };
		4A35D52D294B56FE0008F720 /* MyCartView.swift in Sources */ = {isa = PBXBuildFile; fileRef = 4A35D52C294B56FE0008F720 /* MyCartView.swift */; };
		4A35D52F294B57570008F720 /* CoordinatorService.swift in Sources */ = {isa = PBXBuildFile; fileRef = 4A35D52E294B57570008F720 /* CoordinatorService.swift */; };
		4A35D531294B57A20008F720 /* MainView.swift in Sources */ = {isa = PBXBuildFile; fileRef = 4A35D530294B57A20008F720 /* MainView.swift */; };
		4A66A2772949F6830058EAA6 /* APIManager.swift in Sources */ = {isa = PBXBuildFile; fileRef = 4A66A2762949F6830058EAA6 /* APIManager.swift */; };
		4A66A279294A5EE20058EAA6 /* MainViewModel.swift in Sources */ = {isa = PBXBuildFile; fileRef = 4A66A278294A5EE20058EAA6 /* MainViewModel.swift */; };
		4A66A27B294A5F180058EAA6 /* ProductViewModel.swift in Sources */ = {isa = PBXBuildFile; fileRef = 4A66A27A294A5F180058EAA6 /* ProductViewModel.swift */; };
		4A66A27D294A5F380058EAA6 /* MyCartViewModel.swift in Sources */ = {isa = PBXBuildFile; fileRef = 4A66A27C294A5F380058EAA6 /* MyCartViewModel.swift */; };
		4A6FACAD294B789B0035858E /* Launch Screen.storyboard in Resources */ = {isa = PBXBuildFile; fileRef = 4A6FACAC294B789B0035858E /* Launch Screen.storyboard */; };
		4A6FACB1294B85170035858E /* MarkPro.ttf in Resources */ = {isa = PBXBuildFile; fileRef = 4A6FACB0294B85170035858E /* MarkPro.ttf */; };
		4A6FACB7294B880C0035858E /* MarkPro-Heavy.ttf in Resources */ = {isa = PBXBuildFile; fileRef = 4A6FACB6294B87C90035858E /* MarkPro-Heavy.ttf */; };
		4A6FACB8294B880E0035858E /* MarkPro-Bold.ttf in Resources */ = {isa = PBXBuildFile; fileRef = 4A6FACB4294B878E0035858E /* MarkPro-Bold.ttf */; };
		4A6FACB9294B88100035858E /* MarkPro-Medium.ttf in Resources */ = {isa = PBXBuildFile; fileRef = 4A6FACB5294B87C10035858E /* MarkPro-Medium.ttf */; };
		4A7103D7294E3492000115A9 /* MyCartTopBar.swift in Sources */ = {isa = PBXBuildFile; fileRef = 4A7103D6294E3492000115A9 /* MyCartTopBar.swift */; };
		4A7103D9294E34F3000115A9 /* BackButton.swift in Sources */ = {isa = PBXBuildFile; fileRef = 4A7103D8294E34F3000115A9 /* BackButton.swift */; };
		4A7103DC294E36E2000115A9 /* MyCartDescription.swift in Sources */ = {isa = PBXBuildFile; fileRef = 4A7103DB294E36E2000115A9 /* MyCartDescription.swift */; };
		4A808EE6294DEF6E001D8108 /* CachedImageViewModel.swift in Sources */ = {isa = PBXBuildFile; fileRef = 4A808EE5294DEF6E001D8108 /* CachedImageViewModel.swift */; };
		4A948C1A294CD15400947798 /* ProductDetailsTopBar.swift in Sources */ = {isa = PBXBuildFile; fileRef = 4A948C19294CD15400947798 /* ProductDetailsTopBar.swift */; };
		4A948C1C294CD35900947798 /* ProductImages.swift in Sources */ = {isa = PBXBuildFile; fileRef = 4A948C1B294CD35900947798 /* ProductImages.swift */; };
		4A9EAF7B294E012200767997 /* CachedImage.swift in Sources */ = {isa = PBXBuildFile; fileRef = 4A9EAF7A294E012200767997 /* CachedImage.swift */; };
		4A9EAF7D294E024600767997 /* ImageCache.swift in Sources */ = {isa = PBXBuildFile; fileRef = 4A9EAF7C294E024600767997 /* ImageCache.swift */; };
		4A9EAF7F294E02C200767997 /* ProductDescription.swift in Sources */ = {isa = PBXBuildFile; fileRef = 4A9EAF7E294E02C200767997 /* ProductDescription.swift */; };
		4A9EAF81294E111000767997 /* Style.swift in Sources */ = {isa = PBXBuildFile; fileRef = 4A9EAF80294E111000767997 /* Style.swift */; };
		4AA4D0B8294C67B70085B78F /* MainTopBar.swift in Sources */ = {isa = PBXBuildFile; fileRef = 4AA4D0B7294C67B70085B78F /* MainTopBar.swift */; };
		4AA4D0BA294C6C380085B78F /* SelectCategory.swift in Sources */ = {isa = PBXBuildFile; fileRef = 4AA4D0B9294C6C380085B78F /* SelectCategory.swift */; };
		4AA4D0BC294C6FDE0085B78F /* SearchBar.swift in Sources */ = {isa = PBXBuildFile; fileRef = 4AA4D0BB294C6FDE0085B78F /* SearchBar.swift */; };
		4AA4D0BE294C7B1D0085B78F /* HotSales.swift in Sources */ = {isa = PBXBuildFile; fileRef = 4AA4D0BD294C7B1D0085B78F /* HotSales.swift */; };
		4AA4D0C0294C81540085B78F /* BestSeller.swift in Sources */ = {isa = PBXBuildFile; fileRef = 4AA4D0BF294C81540085B78F /* BestSeller.swift */; };
		4AA4D0C2294C83740085B78F /* Explorer.swift in Sources */ = {isa = PBXBuildFile; fileRef = 4AA4D0C1294C83740085B78F /* Explorer.swift */; };
		4AE38CD82949EEF70022F284 /* ShopApp.swift in Sources */ = {isa = PBXBuildFile; fileRef = 4AE38CD72949EEF70022F284 /* ShopApp.swift */; };
		4AE38CDA2949EEF70022F284 /* ContentView.swift in Sources */ = {isa = PBXBuildFile; fileRef = 4AE38CD92949EEF70022F284 /* ContentView.swift */; };
		4AE38CDC2949EEF90022F284 /* Assets.xcassets in Resources */ = {isa = PBXBuildFile; fileRef = 4AE38CDB2949EEF90022F284 /* Assets.xcassets */; };
		4AE38CDF2949EEF90022F284 /* Preview Assets.xcassets in Resources */ = {isa = PBXBuildFile; fileRef = 4AE38CDE2949EEF90022F284 /* Preview Assets.xcassets */; };
		4AE38CE62949F0040022F284 /* MainData.swift in Sources */ = {isa = PBXBuildFile; fileRef = 4AE38CE52949F0040022F284 /* MainData.swift */; };
		4AE38CE92949F03C0022F284 /* ProductDetailsData.swift in Sources */ = {isa = PBXBuildFile; fileRef = 4AE38CE82949F03C0022F284 /* ProductDetailsData.swift */; };
		4AE38CEB2949F0600022F284 /* MyCartData.swift in Sources */ = {isa = PBXBuildFile; fileRef = 4AE38CEA2949F0600022F284 /* MyCartData.swift */; };
		4AE3DDEE294B621A00902C24 /* Settings.swift in Sources */ = {isa = PBXBuildFile; fileRef = 4AE3DDED294B621A00902C24 /* Settings.swift */; };
/* End PBXBuildFile section */

/* Begin PBXFileReference section */
		4A35D52A294B56F30008F720 /* ProductDetailsView.swift */ = {isa = PBXFileReference; lastKnownFileType = sourcecode.swift; path = ProductDetailsView.swift; sourceTree = "<group>"; };
		4A35D52C294B56FE0008F720 /* MyCartView.swift */ = {isa = PBXFileReference; lastKnownFileType = sourcecode.swift; path = MyCartView.swift; sourceTree = "<group>"; };
		4A35D52E294B57570008F720 /* CoordinatorService.swift */ = {isa = PBXFileReference; lastKnownFileType = sourcecode.swift; path = CoordinatorService.swift; sourceTree = "<group>"; };
		4A35D530294B57A20008F720 /* MainView.swift */ = {isa = PBXFileReference; lastKnownFileType = sourcecode.swift; path = MainView.swift; sourceTree = "<group>"; };
		4A66A2762949F6830058EAA6 /* APIManager.swift */ = {isa = PBXFileReference; lastKnownFileType = sourcecode.swift; path = APIManager.swift; sourceTree = "<group>"; };
		4A66A278294A5EE20058EAA6 /* MainViewModel.swift */ = {isa = PBXFileReference; lastKnownFileType = sourcecode.swift; path = MainViewModel.swift; sourceTree = "<group>"; };
		4A66A27A294A5F180058EAA6 /* ProductViewModel.swift */ = {isa = PBXFileReference; lastKnownFileType = sourcecode.swift; path = ProductViewModel.swift; sourceTree = "<group>"; };
		4A66A27C294A5F380058EAA6 /* MyCartViewModel.swift */ = {isa = PBXFileReference; lastKnownFileType = sourcecode.swift; path = MyCartViewModel.swift; sourceTree = "<group>"; };
		4A6FACAC294B789B0035858E /* Launch Screen.storyboard */ = {isa = PBXFileReference; lastKnownFileType = file.storyboard; path = "Launch Screen.storyboard"; sourceTree = "<group>"; };
		4A6FACB0294B85170035858E /* MarkPro.ttf */ = {isa = PBXFileReference; lastKnownFileType = file; path = MarkPro.ttf; sourceTree = "<group>"; };
		4A6FACB4294B878E0035858E /* MarkPro-Bold.ttf */ = {isa = PBXFileReference; lastKnownFileType = file; path = "MarkPro-Bold.ttf"; sourceTree = "<group>"; };
		4A6FACB5294B87C10035858E /* MarkPro-Medium.ttf */ = {isa = PBXFileReference; lastKnownFileType = file; path = "MarkPro-Medium.ttf"; sourceTree = "<group>"; };
		4A6FACB6294B87C90035858E /* MarkPro-Heavy.ttf */ = {isa = PBXFileReference; lastKnownFileType = file; path = "MarkPro-Heavy.ttf"; sourceTree = "<group>"; };
		4A6FACBA294B88300035858E /* Info.plist */ = {isa = PBXFileReference; lastKnownFileType = text.plist; path = Info.plist; sourceTree = "<group>"; };
		4A7103D6294E3492000115A9 /* MyCartTopBar.swift */ = {isa = PBXFileReference; lastKnownFileType = sourcecode.swift; path = MyCartTopBar.swift; sourceTree = "<group>"; };
		4A7103D8294E34F3000115A9 /* BackButton.swift */ = {isa = PBXFileReference; lastKnownFileType = sourcecode.swift; path = BackButton.swift; sourceTree = "<group>"; };
		4A7103DB294E36E2000115A9 /* MyCartDescription.swift */ = {isa = PBXFileReference; lastKnownFileType = sourcecode.swift; path = MyCartDescription.swift; sourceTree = "<group>"; };
		4A808EE5294DEF6E001D8108 /* CachedImageViewModel.swift */ = {isa = PBXFileReference; lastKnownFileType = sourcecode.swift; path = CachedImageViewModel.swift; sourceTree = "<group>"; };
		4A948C19294CD15400947798 /* ProductDetailsTopBar.swift */ = {isa = PBXFileReference; lastKnownFileType = sourcecode.swift; path = ProductDetailsTopBar.swift; sourceTree = "<group>"; };
		4A948C1B294CD35900947798 /* ProductImages.swift */ = {isa = PBXFileReference; lastKnownFileType = sourcecode.swift; path = ProductImages.swift; sourceTree = "<group>"; };
		4A9EAF7A294E012200767997 /* CachedImage.swift */ = {isa = PBXFileReference; lastKnownFileType = sourcecode.swift; path = CachedImage.swift; sourceTree = "<group>"; };
		4A9EAF7C294E024600767997 /* ImageCache.swift */ = {isa = PBXFileReference; lastKnownFileType = sourcecode.swift; path = ImageCache.swift; sourceTree = "<group>"; };
		4A9EAF7E294E02C200767997 /* ProductDescription.swift */ = {isa = PBXFileReference; lastKnownFileType = sourcecode.swift; path = ProductDescription.swift; sourceTree = "<group>"; };
		4A9EAF80294E111000767997 /* Style.swift */ = {isa = PBXFileReference; lastKnownFileType = sourcecode.swift; path = Style.swift; sourceTree = "<group>"; };
		4AA4D0B7294C67B70085B78F /* MainTopBar.swift */ = {isa = PBXFileReference; lastKnownFileType = sourcecode.swift; path = MainTopBar.swift; sourceTree = "<group>"; };
		4AA4D0B9294C6C380085B78F /* SelectCategory.swift */ = {isa = PBXFileReference; lastKnownFileType = sourcecode.swift; path = SelectCategory.swift; sourceTree = "<group>"; };
		4AA4D0BB294C6FDE0085B78F /* SearchBar.swift */ = {isa = PBXFileReference; lastKnownFileType = sourcecode.swift; path = SearchBar.swift; sourceTree = "<group>"; };
		4AA4D0BD294C7B1D0085B78F /* HotSales.swift */ = {isa = PBXFileReference; lastKnownFileType = sourcecode.swift; path = HotSales.swift; sourceTree = "<group>"; };
		4AA4D0BF294C81540085B78F /* BestSeller.swift */ = {isa = PBXFileReference; lastKnownFileType = sourcecode.swift; path = BestSeller.swift; sourceTree = "<group>"; };
		4AA4D0C1294C83740085B78F /* Explorer.swift */ = {isa = PBXFileReference; lastKnownFileType = sourcecode.swift; path = Explorer.swift; sourceTree = "<group>"; };
		4AE38CD42949EEF70022F284 /* Shop.app */ = {isa = PBXFileReference; explicitFileType = wrapper.application; includeInIndex = 0; path = Shop.app; sourceTree = BUILT_PRODUCTS_DIR; };
		4AE38CD72949EEF70022F284 /* ShopApp.swift */ = {isa = PBXFileReference; lastKnownFileType = sourcecode.swift; path = ShopApp.swift; sourceTree = "<group>"; };
		4AE38CD92949EEF70022F284 /* ContentView.swift */ = {isa = PBXFileReference; lastKnownFileType = sourcecode.swift; path = ContentView.swift; sourceTree = "<group>"; };
		4AE38CDB2949EEF90022F284 /* Assets.xcassets */ = {isa = PBXFileReference; lastKnownFileType = folder.assetcatalog; path = Assets.xcassets; sourceTree = "<group>"; };
		4AE38CDE2949EEF90022F284 /* Preview Assets.xcassets */ = {isa = PBXFileReference; lastKnownFileType = folder.assetcatalog; path = "Preview Assets.xcassets"; sourceTree = "<group>"; };
		4AE38CE52949F0040022F284 /* MainData.swift */ = {isa = PBXFileReference; lastKnownFileType = sourcecode.swift; path = MainData.swift; sourceTree = "<group>"; };
		4AE38CE82949F03C0022F284 /* ProductDetailsData.swift */ = {isa = PBXFileReference; lastKnownFileType = sourcecode.swift; path = ProductDetailsData.swift; sourceTree = "<group>"; };
		4AE38CEA2949F0600022F284 /* MyCartData.swift */ = {isa = PBXFileReference; lastKnownFileType = sourcecode.swift; path = MyCartData.swift; sourceTree = "<group>"; };
		4AE3DDED294B621A00902C24 /* Settings.swift */ = {isa = PBXFileReference; lastKnownFileType = sourcecode.swift; path = Settings.swift; sourceTree = "<group>"; };
/* End PBXFileReference section */

/* Begin PBXFrameworksBuildPhase section */
		4AE38CD12949EEF70022F284 /* Frameworks */ = {
			isa = PBXFrameworksBuildPhase;
			buildActionMask = 2147483647;
			files = (
			);
			runOnlyForDeploymentPostprocessing = 0;
		};
/* End PBXFrameworksBuildPhase section */

/* Begin PBXGroup section */
		4A35D529294B56DF0008F720 /* View */ = {
			isa = PBXGroup;
			children = (
				4AA4D0B6294C67870085B78F /* MainView */,
				4A948C18294CD13600947798 /* ProductDetailsView */,
				4A7103DA294E3523000115A9 /* New Group */,
				4A9EAF7A294E012200767997 /* CachedImage.swift */,
				4A7103D8294E34F3000115A9 /* BackButton.swift */,
			);
			path = View;
			sourceTree = "<group>";
		};
		4A66A2752949F5FF0058EAA6 /* ViewModel */ = {
			isa = PBXGroup;
			children = (
				4A66A2762949F6830058EAA6 /* APIManager.swift */,
				4A808EE5294DEF6E001D8108 /* CachedImageViewModel.swift */,
				4A9EAF80294E111000767997 /* Style.swift */,
				4A66A278294A5EE20058EAA6 /* MainViewModel.swift */,
				4A66A27A294A5F180058EAA6 /* ProductViewModel.swift */,
				4A66A27C294A5F380058EAA6 /* MyCartViewModel.swift */,
			);
			path = ViewModel;
			sourceTree = "<group>";
		};
		4A6FACAB294B76BC0035858E /* Coordinator */ = {
			isa = PBXGroup;
			children = (
				4AE38CD92949EEF70022F284 /* ContentView.swift */,
				4A35D52E294B57570008F720 /* CoordinatorService.swift */,
			);
			path = Coordinator;
			sourceTree = "<group>";
		};
		4A6FACB3294B87710035858E /* Fonts */ = {
			isa = PBXGroup;
			children = (
				4A6FACB0294B85170035858E /* MarkPro.ttf */,
				4A6FACB6294B87C90035858E /* MarkPro-Heavy.ttf */,
				4A6FACB4294B878E0035858E /* MarkPro-Bold.ttf */,
				4A6FACB5294B87C10035858E /* MarkPro-Medium.ttf */,
			);
			path = Fonts;
			sourceTree = "<group>";
		};
		4A7103DA294E3523000115A9 /* New Group */ = {
			isa = PBXGroup;
			children = (
				4A35D52C294B56FE0008F720 /* MyCartView.swift */,
				4A7103D6294E3492000115A9 /* MyCartTopBar.swift */,
				4A7103DB294E36E2000115A9 /* MyCartDescription.swift */,
			);
			path = "New Group";
			sourceTree = "<group>";
		};
		4A948C18294CD13600947798 /* ProductDetailsView */ = {
			isa = PBXGroup;
			children = (
				4A35D52A294B56F30008F720 /* ProductDetailsView.swift */,
				4A948C19294CD15400947798 /* ProductDetailsTopBar.swift */,
				4A948C1B294CD35900947798 /* ProductImages.swift */,
				4A9EAF7E294E02C200767997 /* ProductDescription.swift */,
			);
			path = ProductDetailsView;
			sourceTree = "<group>";
		};
		4AA4D0B6294C67870085B78F /* MainView */ = {
			isa = PBXGroup;
			children = (
				4AE3DDED294B621A00902C24 /* Settings.swift */,
				4AA4D0B7294C67B70085B78F /* MainTopBar.swift */,
				4A35D530294B57A20008F720 /* MainView.swift */,
				4AA4D0B9294C6C380085B78F /* SelectCategory.swift */,
				4AA4D0BB294C6FDE0085B78F /* SearchBar.swift */,
				4AA4D0BD294C7B1D0085B78F /* HotSales.swift */,
				4AA4D0BF294C81540085B78F /* BestSeller.swift */,
				4AA4D0C1294C83740085B78F /* Explorer.swift */,
			);
			path = MainView;
			sourceTree = "<group>";
		};
		4AE38CCB2949EEF70022F284 = {
			isa = PBXGroup;
			children = (
				4AE38CD62949EEF70022F284 /* Shop */,
				4AE38CD52949EEF70022F284 /* Products */,
			);
			sourceTree = "<group>";
		};
		4AE38CD52949EEF70022F284 /* Products */ = {
			isa = PBXGroup;
			children = (
				4AE38CD42949EEF70022F284 /* Shop.app */,
			);
			name = Products;
			sourceTree = "<group>";
		};
		4AE38CD62949EEF70022F284 /* Shop */ = {
			isa = PBXGroup;
			children = (
				4A6FACBA294B88300035858E /* Info.plist */,
				4AE38CD72949EEF70022F284 /* ShopApp.swift */,
				4A6FACAB294B76BC0035858E /* Coordinator */,
				4AE38CDB2949EEF90022F284 /* Assets.xcassets */,
				4A6FACB3294B87710035858E /* Fonts */,
				4A6FACAC294B789B0035858E /* Launch Screen.storyboard */,
				4A35D529294B56DF0008F720 /* View */,
				4A66A2752949F5FF0058EAA6 /* ViewModel */,
				4AE38CE72949F0190022F284 /* Model */,
				4AE38CDD2949EEF90022F284 /* Preview Content */,
			);
			path = Shop;
			sourceTree = "<group>";
		};
		4AE38CDD2949EEF90022F284 /* Preview Content */ = {
			isa = PBXGroup;
			children = (
				4AE38CDE2949EEF90022F284 /* Preview Assets.xcassets */,
			);
			path = "Preview Content";
			sourceTree = "<group>";
		};
		4AE38CE72949F0190022F284 /* Model */ = {
			isa = PBXGroup;
			children = (
				4AE38CE52949F0040022F284 /* MainData.swift */,
				4A9EAF7C294E024600767997 /* ImageCache.swift */,
				4AE38CE82949F03C0022F284 /* ProductDetailsData.swift */,
				4AE38CEA2949F0600022F284 /* MyCartData.swift */,
			);
			path = Model;
			sourceTree = "<group>";
		};
/* End PBXGroup section */

/* Begin PBXNativeTarget section */
		4AE38CD32949EEF70022F284 /* Shop */ = {
			isa = PBXNativeTarget;
			buildConfigurationList = 4AE38CE22949EEF90022F284 /* Build configuration list for PBXNativeTarget "Shop" */;
			buildPhases = (
				4AE38CD02949EEF70022F284 /* Sources */,
				4AE38CD12949EEF70022F284 /* Frameworks */,
				4AE38CD22949EEF70022F284 /* Resources */,
			);
			buildRules = (
			);
			dependencies = (
			);
			name = Shop;
			productName = Shop;
			productReference = 4AE38CD42949EEF70022F284 /* Shop.app */;
			productType = "com.apple.product-type.application";
		};
/* End PBXNativeTarget section */

/* Begin PBXProject section */
		4AE38CCC2949EEF70022F284 /* Project object */ = {
			isa = PBXProject;
			attributes = {
				BuildIndependentTargetsInParallel = 1;
				LastSwiftUpdateCheck = 1400;
				LastUpgradeCheck = 1400;
				TargetAttributes = {
					4AE38CD32949EEF70022F284 = {
						CreatedOnToolsVersion = 14.0.1;
					};
				};
			};
			buildConfigurationList = 4AE38CCF2949EEF70022F284 /* Build configuration list for PBXProject "Shop" */;
			compatibilityVersion = "Xcode 14.0";
			developmentRegion = en;
			hasScannedForEncodings = 0;
			knownRegions = (
				en,
				Base,
			);
			mainGroup = 4AE38CCB2949EEF70022F284;
			productRefGroup = 4AE38CD52949EEF70022F284 /* Products */;
			projectDirPath = "";
			projectRoot = "";
			targets = (
				4AE38CD32949EEF70022F284 /* Shop */,
			);
		};
/* End PBXProject section */

/* Begin PBXResourcesBuildPhase section */
		4AE38CD22949EEF70022F284 /* Resources */ = {
			isa = PBXResourcesBuildPhase;
			buildActionMask = 2147483647;
			files = (
				4A6FACB8294B880E0035858E /* MarkPro-Bold.ttf in Resources */,
				4A6FACAD294B789B0035858E /* Launch Screen.storyboard in Resources */,
				4A6FACB1294B85170035858E /* MarkPro.ttf in Resources */,
				4A6FACB9294B88100035858E /* MarkPro-Medium.ttf in Resources */,
				4AE38CDF2949EEF90022F284 /* Preview Assets.xcassets in Resources */,
				4AE38CDC2949EEF90022F284 /* Assets.xcassets in Resources */,
				4A6FACB7294B880C0035858E /* MarkPro-Heavy.ttf in Resources */,
			);
			runOnlyForDeploymentPostprocessing = 0;
		};
/* End PBXResourcesBuildPhase section */

/* Begin PBXSourcesBuildPhase section */
		4AE38CD02949EEF70022F284 /* Sources */ = {
			isa = PBXSourcesBuildPhase;
			buildActionMask = 2147483647;
			files = (
				4AA4D0B8294C67B70085B78F /* MainTopBar.swift in Sources */,
				4A66A279294A5EE20058EAA6 /* MainViewModel.swift in Sources */,
				4AE38CE92949F03C0022F284 /* ProductDetailsData.swift in Sources */,
				4A35D52B294B56F30008F720 /* ProductDetailsView.swift in Sources */,
				4A66A2772949F6830058EAA6 /* APIManager.swift in Sources */,
				4A35D531294B57A20008F720 /* MainView.swift in Sources */,
				4A948C1A294CD15400947798 /* ProductDetailsTopBar.swift in Sources */,
				4A9EAF81294E111000767997 /* Style.swift in Sources */,
				4AA4D0C0294C81540085B78F /* BestSeller.swift in Sources */,
				4A35D52F294B57570008F720 /* CoordinatorService.swift in Sources */,
				4AE38CDA2949EEF70022F284 /* ContentView.swift in Sources */,
				4A9EAF7D294E024600767997 /* ImageCache.swift in Sources */,
				4AA4D0BE294C7B1D0085B78F /* HotSales.swift in Sources */,
				4AA4D0C2294C83740085B78F /* Explorer.swift in Sources */,
				4AE3DDEE294B621A00902C24 /* Settings.swift in Sources */,
				4AE38CE62949F0040022F284 /* MainData.swift in Sources */,
				4AE38CD82949EEF70022F284 /* ShopApp.swift in Sources */,
				4A66A27B294A5F180058EAA6 /* ProductViewModel.swift in Sources */,
				4A808EE6294DEF6E001D8108 /* CachedImageViewModel.swift in Sources */,
				4A7103D9294E34F3000115A9 /* BackButton.swift in Sources */,
				4A7103DC294E36E2000115A9 /* MyCartDescription.swift in Sources */,
				4AA4D0BA294C6C380085B78F /* SelectCategory.swift in Sources */,
				4AE38CEB2949F0600022F284 /* MyCartData.swift in Sources */,
				4A7103D7294E3492000115A9 /* MyCartTopBar.swift in Sources */,
				4A35D52D294B56FE0008F720 /* MyCartView.swift in Sources */,
				4A948C1C294CD35900947798 /* ProductImages.swift in Sources */,
				4AA4D0BC294C6FDE0085B78F /* SearchBar.swift in Sources */,
				4A66A27D294A5F380058EAA6 /* MyCartViewModel.swift in Sources */,
				4A9EAF7F294E02C200767997 /* ProductDescription.swift in Sources */,
				4A9EAF7B294E012200767997 /* CachedImage.swift in Sources */,
			);
			runOnlyForDeploymentPostprocessing = 0;
		};
/* End PBXSourcesBuildPhase section */

/* Begin XCBuildConfiguration section */
		4AE38CE02949EEF90022F284 /* Debug */ = {
			isa = XCBuildConfiguration;
			buildSettings = {
				ALWAYS_SEARCH_USER_PATHS = NO;
				CLANG_ANALYZER_NONNULL = YES;
				CLANG_ANALYZER_NUMBER_OBJECT_CONVERSION = YES_AGGRESSIVE;
				CLANG_CXX_LANGUAGE_STANDARD = "gnu++20";
				CLANG_ENABLE_MODULES = YES;
				CLANG_ENABLE_OBJC_ARC = YES;
				CLANG_ENABLE_OBJC_WEAK = YES;
				CLANG_WARN_BLOCK_CAPTURE_AUTORELEASING = YES;
				CLANG_WARN_BOOL_CONVERSION = YES;
				CLANG_WARN_COMMA = YES;
				CLANG_WARN_CONSTANT_CONVERSION = YES;
				CLANG_WARN_DEPRECATED_OBJC_IMPLEMENTATIONS = YES;
				CLANG_WARN_DIRECT_OBJC_ISA_USAGE = YES_ERROR;
				CLANG_WARN_DOCUMENTATION_COMMENTS = YES;
				CLANG_WARN_EMPTY_BODY = YES;
				CLANG_WARN_ENUM_CONVERSION = YES;
				CLANG_WARN_INFINITE_RECURSION = YES;
				CLANG_WARN_INT_CONVERSION = YES;
				CLANG_WARN_NON_LITERAL_NULL_CONVERSION = YES;
				CLANG_WARN_OBJC_IMPLICIT_RETAIN_SELF = YES;
				CLANG_WARN_OBJC_LITERAL_CONVERSION = YES;
				CLANG_WARN_OBJC_ROOT_CLASS = YES_ERROR;
				CLANG_WARN_QUOTED_INCLUDE_IN_FRAMEWORK_HEADER = YES;
				CLANG_WARN_RANGE_LOOP_ANALYSIS = YES;
				CLANG_WARN_STRICT_PROTOTYPES = YES;
				CLANG_WARN_SUSPICIOUS_MOVE = YES;
				CLANG_WARN_UNGUARDED_AVAILABILITY = YES_AGGRESSIVE;
				CLANG_WARN_UNREACHABLE_CODE = YES;
				CLANG_WARN__DUPLICATE_METHOD_MATCH = YES;
				COPY_PHASE_STRIP = NO;
				DEBUG_INFORMATION_FORMAT = dwarf;
				ENABLE_STRICT_OBJC_MSGSEND = YES;
				ENABLE_TESTABILITY = YES;
				GCC_C_LANGUAGE_STANDARD = gnu11;
				GCC_DYNAMIC_NO_PIC = NO;
				GCC_NO_COMMON_BLOCKS = YES;
				GCC_OPTIMIZATION_LEVEL = 0;
				GCC_PREPROCESSOR_DEFINITIONS = (
					"DEBUG=1",
					"$(inherited)",
				);
				GCC_WARN_64_TO_32_BIT_CONVERSION = YES;
				GCC_WARN_ABOUT_RETURN_TYPE = YES_ERROR;
				GCC_WARN_UNDECLARED_SELECTOR = YES;
				GCC_WARN_UNINITIALIZED_AUTOS = YES_AGGRESSIVE;
				GCC_WARN_UNUSED_FUNCTION = YES;
				GCC_WARN_UNUSED_VARIABLE = YES;
				IPHONEOS_DEPLOYMENT_TARGET = 16.0;
				MTL_ENABLE_DEBUG_INFO = INCLUDE_SOURCE;
				MTL_FAST_MATH = YES;
				ONLY_ACTIVE_ARCH = YES;
				SDKROOT = iphoneos;
				SWIFT_ACTIVE_COMPILATION_CONDITIONS = DEBUG;
				SWIFT_OPTIMIZATION_LEVEL = "-Onone";
			};
			name = Debug;
		};
		4AE38CE12949EEF90022F284 /* Release */ = {
			isa = XCBuildConfiguration;
			buildSettings = {
				ALWAYS_SEARCH_USER_PATHS = NO;
				CLANG_ANALYZER_NONNULL = YES;
				CLANG_ANALYZER_NUMBER_OBJECT_CONVERSION = YES_AGGRESSIVE;
				CLANG_CXX_LANGUAGE_STANDARD = "gnu++20";
				CLANG_ENABLE_MODULES = YES;
				CLANG_ENABLE_OBJC_ARC = YES;
				CLANG_ENABLE_OBJC_WEAK = YES;
				CLANG_WARN_BLOCK_CAPTURE_AUTORELEASING = YES;
				CLANG_WARN_BOOL_CONVERSION = YES;
				CLANG_WARN_COMMA = YES;
				CLANG_WARN_CONSTANT_CONVERSION = YES;
				CLANG_WARN_DEPRECATED_OBJC_IMPLEMENTATIONS = YES;
				CLANG_WARN_DIRECT_OBJC_ISA_USAGE = YES_ERROR;
				CLANG_WARN_DOCUMENTATION_COMMENTS = YES;
				CLANG_WARN_EMPTY_BODY = YES;
				CLANG_WARN_ENUM_CONVERSION = YES;
				CLANG_WARN_INFINITE_RECURSION = YES;
				CLANG_WARN_INT_CONVERSION = YES;
				CLANG_WARN_NON_LITERAL_NULL_CONVERSION = YES;
				CLANG_WARN_OBJC_IMPLICIT_RETAIN_SELF = YES;
				CLANG_WARN_OBJC_LITERAL_CONVERSION = YES;
				CLANG_WARN_OBJC_ROOT_CLASS = YES_ERROR;
				CLANG_WARN_QUOTED_INCLUDE_IN_FRAMEWORK_HEADER = YES;
				CLANG_WARN_RANGE_LOOP_ANALYSIS = YES;
				CLANG_WARN_STRICT_PROTOTYPES = YES;
				CLANG_WARN_SUSPICIOUS_MOVE = YES;
				CLANG_WARN_UNGUARDED_AVAILABILITY = YES_AGGRESSIVE;
				CLANG_WARN_UNREACHABLE_CODE = YES;
				CLANG_WARN__DUPLICATE_METHOD_MATCH = YES;
				COPY_PHASE_STRIP = NO;
				DEBUG_INFORMATION_FORMAT = "dwarf-with-dsym";
				ENABLE_NS_ASSERTIONS = NO;
				ENABLE_STRICT_OBJC_MSGSEND = YES;
				GCC_C_LANGUAGE_STANDARD = gnu11;
				GCC_NO_COMMON_BLOCKS = YES;
				GCC_WARN_64_TO_32_BIT_CONVERSION = YES;
				GCC_WARN_ABOUT_RETURN_TYPE = YES_ERROR;
				GCC_WARN_UNDECLARED_SELECTOR = YES;
				GCC_WARN_UNINITIALIZED_AUTOS = YES_AGGRESSIVE;
				GCC_WARN_UNUSED_FUNCTION = YES;
				GCC_WARN_UNUSED_VARIABLE = YES;
				IPHONEOS_DEPLOYMENT_TARGET = 16.0;
				MTL_ENABLE_DEBUG_INFO = NO;
				MTL_FAST_MATH = YES;
				SDKROOT = iphoneos;
				SWIFT_COMPILATION_MODE = wholemodule;
				SWIFT_OPTIMIZATION_LEVEL = "-O";
				VALIDATE_PRODUCT = YES;
			};
			name = Release;
		};
		4AE38CE32949EEF90022F284 /* Debug */ = {
			isa = XCBuildConfiguration;
			buildSettings = {
				ASSETCATALOG_COMPILER_APPICON_NAME = AppIcon;
				ASSETCATALOG_COMPILER_GLOBAL_ACCENT_COLOR_NAME = AccentColor;
				CODE_SIGN_STYLE = Automatic;
				CURRENT_PROJECT_VERSION = 1;
				DEVELOPMENT_ASSET_PATHS = "\"Shop/Preview Content\"";
				DEVELOPMENT_TEAM = 28P4VGRC5F;
				ENABLE_PREVIEWS = YES;
				GENERATE_INFOPLIST_FILE = YES;
				INFOPLIST_FILE = Shop/Info.plist;
				INFOPLIST_KEY_UIApplicationSceneManifest_Generation = YES;
				INFOPLIST_KEY_UIApplicationSupportsIndirectInputEvents = YES;
				INFOPLIST_KEY_UILaunchScreen_Generation = YES;
				INFOPLIST_KEY_UILaunchStoryboardName = "Launch Screen.storyboard";
				INFOPLIST_KEY_UIStatusBarStyle = "";
				INFOPLIST_KEY_UISupportedInterfaceOrientations = UIInterfaceOrientationPortrait;
				INFOPLIST_KEY_UIUserInterfaceStyle = Light;
				IPHONEOS_DEPLOYMENT_TARGET = 15.0;
				LD_RUNPATH_SEARCH_PATHS = (
					"$(inherited)",
					"@executable_path/Frameworks",
				);
				MARKETING_VERSION = 1.0;
				PRODUCT_BUNDLE_IDENTIFIER = EV.Shop;
				PRODUCT_NAME = "$(TARGET_NAME)";
				SWIFT_EMIT_LOC_STRINGS = YES;
				SWIFT_VERSION = 5.0;
				TARGETED_DEVICE_FAMILY = "1,2";
			};
			name = Debug;
		};
		4AE38CE42949EEF90022F284 /* Release */ = {
			isa = XCBuildConfiguration;
			buildSettings = {
				ASSETCATALOG_COMPILER_APPICON_NAME = AppIcon;
				ASSETCATALOG_COMPILER_GLOBAL_ACCENT_COLOR_NAME = AccentColor;
				CODE_SIGN_STYLE = Automatic;
				CURRENT_PROJECT_VERSION = 1;
				DEVELOPMENT_ASSET_PATHS = "\"Shop/Preview Content\"";
				DEVELOPMENT_TEAM = 28P4VGRC5F;
				ENABLE_PREVIEWS = YES;
				GENERATE_INFOPLIST_FILE = YES;
				INFOPLIST_FILE = Shop/Info.plist;
				INFOPLIST_KEY_UIApplicationSceneManifest_Generation = YES;
				INFOPLIST_KEY_UIApplicationSupportsIndirectInputEvents = YES;
				INFOPLIST_KEY_UILaunchScreen_Generation = YES;
				INFOPLIST_KEY_UILaunchStoryboardName = "Launch Screen.storyboard";
				INFOPLIST_KEY_UIStatusBarStyle = "";
				INFOPLIST_KEY_UISupportedInterfaceOrientations = UIInterfaceOrientationPortrait;
				INFOPLIST_KEY_UIUserInterfaceStyle = Light;
				IPHONEOS_DEPLOYMENT_TARGET = 15.0;
				LD_RUNPATH_SEARCH_PATHS = (
					"$(inherited)",
					"@executable_path/Frameworks",
				);
				MARKETING_VERSION = 1.0;
				PRODUCT_BUNDLE_IDENTIFIER = EV.Shop;
				PRODUCT_NAME = "$(TARGET_NAME)";
				SWIFT_EMIT_LOC_STRINGS = YES;
				SWIFT_VERSION = 5.0;
				TARGETED_DEVICE_FAMILY = "1,2";
			};
			name = Release;
		};
/* End XCBuildConfiguration section */

/* Begin XCConfigurationList section */
		4AE38CCF2949EEF70022F284 /* Build configuration list for PBXProject "Shop" */ = {
			isa = XCConfigurationList;
			buildConfigurations = (
				4AE38CE02949EEF90022F284 /* Debug */,
				4AE38CE12949EEF90022F284 /* Release */,
			);
			defaultConfigurationIsVisible = 0;
			defaultConfigurationName = Release;
		};
		4AE38CE22949EEF90022F284 /* Build configuration list for PBXNativeTarget "Shop" */ = {
			isa = XCConfigurationList;
			buildConfigurations = (
				4AE38CE32949EEF90022F284 /* Debug */,
				4AE38CE42949EEF90022F284 /* Release */,
			);
			defaultConfigurationIsVisible = 0;
			defaultConfigurationName = Release;
		};
/* End XCConfigurationList section */
	};
	rootObject = 4AE38CCC2949EEF70022F284 /* Project object */;
}
